
Microsoft Visual Studio Solution File, Format Version 12.00
# Visual Studio Version 16
VisualStudioVersion = 16.0.30611.23
MinimumVisualStudioVersion = 10.0.40219.1
Project("{9A19103F-16F7-4668-BE54-9A1E7A4F7556}") = "StarWars-AzureFunctions", "StarWars-AzureFunctions\StarWars-AzureFunctions.csproj", "{91E18C69-CD87-4305-B241-1DD04DB118F8}"
EndProject
Project("{9A19103F-16F7-4668-BE54-9A1E7A4F7556}") = "GraphQL.AzureFunctionsProxy", "GraphQL.AzureFunctionsProxy\GraphQL.AzureFunctionsProxy.csproj", "{EADE1DA0-404D-4504-86FD-B32BF70AF88F}"
EndProject
Project("{FAE04EC0-301F-11D3-BF4B-00C04F79EFBC}") = "GraphQL.AzureFunctionsProxy.Tests", "GraphQL.AzureFunctionsProxy.Tests\GraphQL.AzureFunctionsProxy.Tests.csproj", "{602DB716-B801-412D-971D-735BFE29076E}"
EndProject
Global
	GlobalSection(SolutionConfigurationPlatforms) = preSolution
		Debug|Any CPU = Debug|Any CPU
		Release|Any CPU = Release|Any CPU
	EndGlobalSection
	GlobalSection(ProjectConfigurationPlatforms) = postSolution
		{91E18C69-CD87-4305-B241-1DD04DB118F8}.Debug|Any CPU.ActiveCfg = Debug|Any CPU
		{91E18C69-CD87-4305-B241-1DD04DB118F8}.Debug|Any CPU.Build.0 = Debug|Any CPU
		{91E18C69-CD87-4305-B241-1DD04DB118F8}.Release|Any CPU.ActiveCfg = Release|Any CPU
		{91E18C69-CD87-4305-B241-1DD04DB118F8}.Release|Any CPU.Build.0 = Release|Any CPU
		{EADE1DA0-404D-4504-86FD-B32BF70AF88F}.Debug|Any CPU.ActiveCfg = Debug|Any CPU
		{EADE1DA0-404D-4504-86FD-B32BF70AF88F}.Debug|Any CPU.Build.0 = Debug|Any CPU
		{EADE1DA0-404D-4504-86FD-B32BF70AF88F}.Release|Any CPU.ActiveCfg = Release|Any CPU
		{EADE1DA0-404D-4504-86FD-B32BF70AF88F}.Release|Any CPU.Build.0 = Release|Any CPU
		{602DB716-B801-412D-971D-735BFE29076E}.Debug|Any CPU.ActiveCfg = Debug|Any CPU
		{602DB716-B801-412D-971D-735BFE29076E}.Debug|Any CPU.Build.0 = Debug|Any CPU
		{602DB716-B801-412D-971D-735BFE29076E}.Release|Any CPU.ActiveCfg = Release|Any CPU
		{602DB716-B801-412D-971D-735BFE29076E}.Release|Any CPU.Build.0 = Release|Any CPU
	EndGlobalSection
	GlobalSection(SolutionProperties) = preSolution
		HideSolutionNode = FALSE
	EndGlobalSection
	GlobalSection(ExtensibilityGlobals) = postSolution
		SolutionGuid = {B234830F-2CBB-40AB-907A-224A5DD21DDE}
	EndGlobalSection
EndGlobal
